
Microsoft Visual Studio Solution File, Format Version 12.00
# Visual Studio Version 17
VisualStudioVersion = 17.2.32526.322
MinimumVisualStudioVersion = 10.0.40219.1
Project("{8BC9CEB8-8B4A-11D0-8D11-00A0C91BC942}") = "containers_methods01-fixed", "containers_methods01-fixed\containers_methods01-fixed.vcxproj", "{7C467577-452A-49DF-991E-39A4BBFBF127}"
EndProject
Global
	GlobalSection(SolutionConfigurationPlatforms) = preSolution
		Debug|x64 = Debug|x64
		Debug|x86 = Debug|x86
		Release|x64 = Release|x64
		Release|x86 = Release|x86
	EndGlobalSection
	GlobalSection(ProjectConfigurationPlatforms) = postSolution
		{7C467577-452A-49DF-991E-39A4BBFBF127}.Debug|x64.ActiveCfg = Debug|x64
		{7C467577-452A-49DF-991E-39A4BBFBF127}.Debug|x64.Build.0 = Debug|x64
		{7C467577-452A-49DF-991E-39A4BBFBF127}.Debug|x86.ActiveCfg = Debug|Win32
		{7C467577-452A-49DF-991E-39A4BBFBF127}.Debug|x86.Build.0 = Debug|Win32
		{7C467577-452A-49DF-991E-39A4BBFBF127}.Release|x64.ActiveCfg = Release|x64
		{7C467577-452A-49DF-991E-39A4BBFBF127}.Release|x64.Build.0 = Release|x64
		{7C467577-452A-49DF-991E-39A4BBFBF127}.Release|x86.ActiveCfg = Release|Win32
		{7C467577-452A-49DF-991E-39A4BBFBF127}.Release|x86.Build.0 = Release|Win32
	EndGlobalSection
	GlobalSection(SolutionProperties) = preSolution
		HideSolutionNode = FALSE
	EndGlobalSection
	GlobalSection(ExtensibilityGlobals) = postSolution
		SolutionGuid = {7C1B7180-36A6-4BB3-A944-63FAAE723534}
	EndGlobalSection
EndGlobal
